
Microsoft Visual Studio Solution File, Format Version 12.00
Project("{FAE04EC0-301F-11D3-BF4B-00C04F79EFBC}") = "TestAppAspNet", "TestAppAspNet\TestAppAspNet.csproj", "{D796D570-68FB-4E39-A9D2-A3F06730F2C3}"
EndProject
Global
	GlobalSection(SolutionConfigurationPlatforms) = preSolution
		Debug|Any CPU = Debug|Any CPU
		Release|Any CPU = Release|Any CPU
	EndGlobalSection
	GlobalSection(ProjectConfigurationPlatforms) = postSolution
		{D796D570-68FB-4E39-A9D2-A3F06730F2C3}.Debug|Any CPU.ActiveCfg = Debug|Any CPU
		{D796D570-68FB-4E39-A9D2-A3F06730F2C3}.Debug|Any CPU.Build.0 = Debug|Any CPU
		{D796D570-68FB-4E39-A9D2-A3F06730F2C3}.Release|Any CPU.ActiveCfg = Release|Any CPU
		{D796D570-68FB-4E39-A9D2-A3F06730F2C3}.Release|Any CPU.Build.0 = Release|Any CPU
	EndGlobalSection
EndGlobal
